
Microsoft Visual Studio Solution File, Format Version 12.00
# Visual Studio Version 17
VisualStudioVersion = 17.6.33815.320
MinimumVisualStudioVersion = 10.0.40219.1
Project("{FAE04EC0-301F-11D3-BF4B-00C04F79EFBC}") = "MembershipRegisterServer", "MembershipRegisterServer\MembershipRegisterServer.csproj", "{C87B09F6-1EE5-4BD0-8448-26D1D40D0EC3}"
EndProject
Global
	GlobalSection(SolutionConfigurationPlatforms) = preSolution
		Debug|Any CPU = Debug|Any CPU
		Release|Any CPU = Release|Any CPU
	EndGlobalSection
	GlobalSection(ProjectConfigurationPlatforms) = postSolution
		{C87B09F6-1EE5-4BD0-8448-26D1D40D0EC3}.Debug|Any CPU.ActiveCfg = Debug|Any CPU
		{C87B09F6-1EE5-4BD0-8448-26D1D40D0EC3}.Debug|Any CPU.Build.0 = Debug|Any CPU
		{C87B09F6-1EE5-4BD0-8448-26D1D40D0EC3}.Release|Any CPU.ActiveCfg = Release|Any CPU
		{C87B09F6-1EE5-4BD0-8448-26D1D40D0EC3}.Release|Any CPU.Build.0 = Release|Any CPU
	EndGlobalSection
	GlobalSection(SolutionProperties) = preSolution
		HideSolutionNode = FALSE
	EndGlobalSection
	GlobalSection(ExtensibilityGlobals) = postSolution
		SolutionGuid = {77627DAD-28E9-47C1-B764-E660EC3EC5B9}
	EndGlobalSection
EndGlobal
